
Microsoft Visual Studio Solution File, Format Version 12.00
# Visual Studio Version 16
VisualStudioVersion = 16.0.32929.386
MinimumVisualStudioVersion = 10.0.40219.1
Project("{9A19103F-16F7-4668-BE54-9A1E7A4F7556}") = "KStore", "KStore\KStore.csproj", "{B36746A1-2192-432D-BFD4-F0D52F384479}"
EndProject
Project("{9A19103F-16F7-4668-BE54-9A1E7A4F7556}") = "KStore.Infrastructure", "KStore.Infrastructure\KStore.Infrastructure.csproj", "{0515B44A-523C-40A9-8071-9D00F5DEE7EE}"
EndProject
Project("{9A19103F-16F7-4668-BE54-9A1E7A4F7556}") = "KStore.Utilities", "KStore.Utilities\KStore.Utilities.csproj", "{BD3D5AE8-E8B9-44EB-8274-D5C7490FD842}"
EndProject
Project("{9A19103F-16F7-4668-BE54-9A1E7A4F7556}") = "KStore.Data", "KStore.Data\KStore.Data.csproj", "{0296D3FE-F821-41CB-A2E5-047BDA157BCB}"
EndProject
Project("{9A19103F-16F7-4668-BE54-9A1E7A4F7556}") = "KStore.Data.EF", "KStore.Data.EF\KStore.Data.EF.csproj", "{CAFBA407-2AAB-456C-A673-39A78FA91EEF}"
EndProject
Project("{9A19103F-16F7-4668-BE54-9A1E7A4F7556}") = "KStore.Application", "KStore.Application\KStore.Application.csproj", "{908F4513-84BC-4CA0-8DCE-978FB37CAF46}"
EndProject
Project("{2150E333-8FDC-42A3-9474-1A3956D46DE8}") = "1-Presentation", "1-Presentation", "{8E1DB7F7-1C95-49B5-9F4F-D6AC4DAC58CC}"
EndProject
Project("{2150E333-8FDC-42A3-9474-1A3956D46DE8}") = "2-Application", "2-Application", "{1AFE1B42-7256-4D47-9493-65F146F83D53}"
EndProject
Project("{2150E333-8FDC-42A3-9474-1A3956D46DE8}") = "3-Domain", "3-Domain", "{6A427615-B96A-4F9A-A80B-DC5BC9FE7529}"
EndProject
Project("{2150E333-8FDC-42A3-9474-1A3956D46DE8}") = "4-Infrastructure", "4-Infrastructure", "{BF60D7F6-E522-4CB1-9CA1-187751840347}"
EndProject
Project("{9A19103F-16F7-4668-BE54-9A1E7A4F7556}") = "KStore.WebApi", "KStore.WebApi\KStore.WebApi.csproj", "{B6E8F3E4-0ECE-4F29-8144-72F73E794D5F}"
EndProject
Project("{FAE04EC0-301F-11D3-BF4B-00C04F79EFBC}") = "KStore.Application.Dapper", "KStore.Application.Dapper\KStore.Application.Dapper.csproj", "{5A6F2320-0113-422C-B320-34F0840FFB75}"
EndProject
Global
	GlobalSection(SolutionConfigurationPlatforms) = preSolution
		Debug|Any CPU = Debug|Any CPU
		Release|Any CPU = Release|Any CPU
	EndGlobalSection
	GlobalSection(ProjectConfigurationPlatforms) = postSolution
		{B36746A1-2192-432D-BFD4-F0D52F384479}.Debug|Any CPU.ActiveCfg = Debug|Any CPU
		{B36746A1-2192-432D-BFD4-F0D52F384479}.Debug|Any CPU.Build.0 = Debug|Any CPU
		{B36746A1-2192-432D-BFD4-F0D52F384479}.Release|Any CPU.ActiveCfg = Release|Any CPU
		{B36746A1-2192-432D-BFD4-F0D52F384479}.Release|Any CPU.Build.0 = Release|Any CPU
		{0515B44A-523C-40A9-8071-9D00F5DEE7EE}.Debug|Any CPU.ActiveCfg = Debug|Any CPU
		{0515B44A-523C-40A9-8071-9D00F5DEE7EE}.Debug|Any CPU.Build.0 = Debug|Any CPU
		{0515B44A-523C-40A9-8071-9D00F5DEE7EE}.Release|Any CPU.ActiveCfg = Release|Any CPU
		{0515B44A-523C-40A9-8071-9D00F5DEE7EE}.Release|Any CPU.Build.0 = Release|Any CPU
		{BD3D5AE8-E8B9-44EB-8274-D5C7490FD842}.Debug|Any CPU.ActiveCfg = Debug|Any CPU
		{BD3D5AE8-E8B9-44EB-8274-D5C7490FD842}.Debug|Any CPU.Build.0 = Debug|Any CPU
		{BD3D5AE8-E8B9-44EB-8274-D5C7490FD842}.Release|Any CPU.ActiveCfg = Release|Any CPU
		{BD3D5AE8-E8B9-44EB-8274-D5C7490FD842}.Release|Any CPU.Build.0 = Release|Any CPU
		{0296D3FE-F821-41CB-A2E5-047BDA157BCB}.Debug|Any CPU.ActiveCfg = Debug|Any CPU
		{0296D3FE-F821-41CB-A2E5-047BDA157BCB}.Debug|Any CPU.Build.0 = Debug|Any CPU
		{0296D3FE-F821-41CB-A2E5-047BDA157BCB}.Release|Any CPU.ActiveCfg = Release|Any CPU
		{0296D3FE-F821-41CB-A2E5-047BDA157BCB}.Release|Any CPU.Build.0 = Release|Any CPU
		{CAFBA407-2AAB-456C-A673-39A78FA91EEF}.Debug|Any CPU.ActiveCfg = Debug|Any CPU
		{CAFBA407-2AAB-456C-A673-39A78FA91EEF}.Debug|Any CPU.Build.0 = Debug|Any CPU
		{CAFBA407-2AAB-456C-A673-39A78FA91EEF}.Release|Any CPU.ActiveCfg = Release|Any CPU
		{CAFBA407-2AAB-456C-A673-39A78FA91EEF}.Release|Any CPU.Build.0 = Release|Any CPU
		{908F4513-84BC-4CA0-8DCE-978FB37CAF46}.Debug|Any CPU.ActiveCfg = Debug|Any CPU
		{908F4513-84BC-4CA0-8DCE-978FB37CAF46}.Debug|Any CPU.Build.0 = Debug|Any CPU
		{908F4513-84BC-4CA0-8DCE-978FB37CAF46}.Release|Any CPU.ActiveCfg = Release|Any CPU
		{908F4513-84BC-4CA0-8DCE-978FB37CAF46}.Release|Any CPU.Build.0 = Release|Any CPU
		{B6E8F3E4-0ECE-4F29-8144-72F73E794D5F}.Debug|Any CPU.ActiveCfg = Debug|Any CPU
		{B6E8F3E4-0ECE-4F29-8144-72F73E794D5F}.Debug|Any CPU.Build.0 = Debug|Any CPU
		{B6E8F3E4-0ECE-4F29-8144-72F73E794D5F}.Release|Any CPU.ActiveCfg = Release|Any CPU
		{B6E8F3E4-0ECE-4F29-8144-72F73E794D5F}.Release|Any CPU.Build.0 = Release|Any CPU
		{5A6F2320-0113-422C-B320-34F0840FFB75}.Debug|Any CPU.ActiveCfg = Debug|Any CPU
		{5A6F2320-0113-422C-B320-34F0840FFB75}.Debug|Any CPU.Build.0 = Debug|Any CPU
		{5A6F2320-0113-422C-B320-34F0840FFB75}.Release|Any CPU.ActiveCfg = Release|Any CPU
		{5A6F2320-0113-422C-B320-34F0840FFB75}.Release|Any CPU.Build.0 = Release|Any CPU
	EndGlobalSection
	GlobalSection(SolutionProperties) = preSolution
		HideSolutionNode = FALSE
	EndGlobalSection
	GlobalSection(NestedProjects) = preSolution
		{B36746A1-2192-432D-BFD4-F0D52F384479} = {8E1DB7F7-1C95-49B5-9F4F-D6AC4DAC58CC}
		{0515B44A-523C-40A9-8071-9D00F5DEE7EE} = {BF60D7F6-E522-4CB1-9CA1-187751840347}
		{BD3D5AE8-E8B9-44EB-8274-D5C7490FD842} = {BF60D7F6-E522-4CB1-9CA1-187751840347}
		{0296D3FE-F821-41CB-A2E5-047BDA157BCB} = {6A427615-B96A-4F9A-A80B-DC5BC9FE7529}
		{CAFBA407-2AAB-456C-A673-39A78FA91EEF} = {6A427615-B96A-4F9A-A80B-DC5BC9FE7529}
		{908F4513-84BC-4CA0-8DCE-978FB37CAF46} = {1AFE1B42-7256-4D47-9493-65F146F83D53}
		{B6E8F3E4-0ECE-4F29-8144-72F73E794D5F} = {8E1DB7F7-1C95-49B5-9F4F-D6AC4DAC58CC}
		{5A6F2320-0113-422C-B320-34F0840FFB75} = {1AFE1B42-7256-4D47-9493-65F146F83D53}
	EndGlobalSection
	GlobalSection(ExtensibilityGlobals) = postSolution
		SolutionGuid = {E885E070-EB64-4341-A1D3-D7DCAAE8290C}
	EndGlobalSection
EndGlobal
